hash: a51044b81723db3d660609a0ceb06058769853421b40a61550aa90a2b1fffd8a
updated: 2018-12-20T15:39:37.674201+08:00
imports:
- name: github.com/astaxie/beego
  version: 1b6edafc96ad27b6515fafeccd7339dda3e997b1
  subpackages:
  - config
  - context
  - context/param
  - grace
  - logs
  - session
  - toolbox
  - utils
- name: github.com/beorn7/perks
  version: 3a771d992973f24aa725d07868b467d1ddfceafb
  subpackages:
  - quantile
- name: github.com/codahale/hdrhistogram
  version: 3a0bb77429bd3a61596f5e8a3172445844342120
- name: github.com/golang/protobuf
  version: bbd03ef6da3a115852eaf24c8a1c46aeb39aa175
  subpackages:
  - proto
- name: github.com/matttproud/golang_protobuf_extensions
  version: c12348ce28de40eed0136aa2b644d0ee0650e56c
  subpackages:
  - pbutil
- name: github.com/opentracing/opentracing-go
  version: 1949ddbfd147afd4d964a9f00b24eb291e0e7c38
  subpackages:
  - ext
  - log
- name: github.com/pkg/errors
  version: 645ef00459ed84a119197bfb8d8205042c6df63d
- name: github.com/prometheus/client_golang
  version: c5b7fccd204277076155f10851dad72b76a49317
  subpackages:
  - prometheus
- name: github.com/prometheus/client_model
  version: 99fa1f4be8e564e8a6b613da7fa6f46c9edafc6c
  subpackages:
  - go
- name: github.com/prometheus/common
  version: 38c53a9f4bfcd932d1b00bfc65e256a7fba6b37a
  subpackages:
  - expfmt
  - internal/bitbucket.org/ww/goautoneg
  - model
- name: github.com/prometheus/procfs
  version: 780932d4fbbe0e69b84c34c20f5c8d0981e109ea
  subpackages:
  - internal/util
  - nfs
  - xfs
- name: github.com/uber/jaeger-client-go
  version: 1a782e2da844727691fef1757c72eb190c2909f0
  subpackages:
  - config
  - internal/baggage
  - internal/baggage/remote
  - internal/spanlog
  - internal/throttler
  - internal/throttler/remote
  - log
  - rpcmetrics
  - thrift
  - thrift-gen/agent
  - thrift-gen/baggage
  - thrift-gen/jaeger
  - thrift-gen/sampling
  - thrift-gen/zipkincore
  - transport
  - utils
- name: github.com/uber/jaeger-lib
  version: ed3a127ec5fef7ae9ea95b01b542c47fbd999ce5
  subpackages:
  - metrics
  - metrics/prometheus
- name: golang.org/x/crypto
  version: 505ab145d0a99da450461ae2c1a9f6cd10d1f447
  subpackages:
  - acme
  - acme/autocert
- name: golang.org/x/net
  version: 6078986fec03a1dcc236c34816c71b0e05018fda
  subpackages:
  - context
- name: gopkg.in/yaml.v2
  version: 51d6538a90f86fe93ac480b35f37b2be17fef232
testImports:
- name: github.com/gopherjs/gopherjs
  version: d547d1d9531ed93dbdebcbff7f83e7c876a1e0ee
  subpackages:
  - js
- name: github.com/jtolds/gls
  version: b4936e06046bbecbb94cae9c18127ebe510a2cb9
- name: github.com/smartystreets/assertions
  version: b2de0cb4f26d0705483a2f495d89896d0b808573
  subpackages:
  - internal/go-render/render
  - internal/oglematchers
- name: github.com/smartystreets/goconvey
  version: 9e8dc3f972df6c8fcc0375ef492c24d0bb204857
  subpackages:
  - convey
  - convey/gotest
  - convey/reporting
